
Microsoft Visual Studio Solution File, Format Version 12.00
# Visual Studio Version 16
VisualStudioVersion = 16.0.30114.105
MinimumVisualStudioVersion = 10.0.40219.1
Project("{FAE04EC0-301F-11D3-BF4B-00C04F79EFBC}") = "CLoudCustomers.API", "CLoudCustomers.API\CLoudCustomers.API.csproj", "{D574512A-41D2-4DCC-B12A-533200993DDA}"
EndProject
Project("{FAE04EC0-301F-11D3-BF4B-00C04F79EFBC}") = "CloudCustomers.UnitTests", "CloudCustomers.UnitTests\CloudCustomers.UnitTests.csproj", "{02A4F894-B384-4013-A915-8F99E0310E4D}"
EndProject
Global
	GlobalSection(SolutionConfigurationPlatforms) = preSolution
		Debug|Any CPU = Debug|Any CPU
		Release|Any CPU = Release|Any CPU
	EndGlobalSection
	GlobalSection(SolutionProperties) = preSolution
		HideSolutionNode = FALSE
	EndGlobalSection
	GlobalSection(ProjectConfigurationPlatforms) = postSolution
		{D574512A-41D2-4DCC-B12A-533200993DDA}.Debug|Any CPU.ActiveCfg = Debug|Any CPU
		{D574512A-41D2-4DCC-B12A-533200993DDA}.Debug|Any CPU.Build.0 = Debug|Any CPU
		{D574512A-41D2-4DCC-B12A-533200993DDA}.Release|Any CPU.ActiveCfg = Release|Any CPU
		{D574512A-41D2-4DCC-B12A-533200993DDA}.Release|Any CPU.Build.0 = Release|Any CPU
		{02A4F894-B384-4013-A915-8F99E0310E4D}.Debug|Any CPU.ActiveCfg = Debug|Any CPU
		{02A4F894-B384-4013-A915-8F99E0310E4D}.Debug|Any CPU.Build.0 = Debug|Any CPU
		{02A4F894-B384-4013-A915-8F99E0310E4D}.Release|Any CPU.ActiveCfg = Release|Any CPU
		{02A4F894-B384-4013-A915-8F99E0310E4D}.Release|Any CPU.Build.0 = Release|Any CPU
	EndGlobalSection
EndGlobal
